
Microsoft Visual Studio Solution File, Format Version 12.00
# Visual Studio Version 17
VisualStudioVersion = 17.5.002.0
MinimumVisualStudioVersion = 10.0.40219.1
Project("{FAE04EC0-301F-11D3-BF4B-00C04F79EFBC}") = "OpenChess", "src\OpenChess.csproj", "{77F16EE5-7CFA-4F39-8044-F886F1089C2E}"
EndProject
Project("{FAE04EC0-301F-11D3-BF4B-00C04F79EFBC}") = "OpenChess.Test", "tests\OpenChess.Test.csproj", "{A5936C98-0DBA-4204-8210-164696D36CCF}"
EndProject
Global
	GlobalSection(SolutionConfigurationPlatforms) = preSolution
		Debug|Any CPU = Debug|Any CPU
		Release|Any CPU = Release|Any CPU
	EndGlobalSection
	GlobalSection(ProjectConfigurationPlatforms) = postSolution
		{77F16EE5-7CFA-4F39-8044-F886F1089C2E}.Debug|Any CPU.ActiveCfg = Debug|Any CPU
		{77F16EE5-7CFA-4F39-8044-F886F1089C2E}.Debug|Any CPU.Build.0 = Debug|Any CPU
		{77F16EE5-7CFA-4F39-8044-F886F1089C2E}.Release|Any CPU.ActiveCfg = Release|Any CPU
		{77F16EE5-7CFA-4F39-8044-F886F1089C2E}.Release|Any CPU.Build.0 = Release|Any CPU
		{A5936C98-0DBA-4204-8210-164696D36CCF}.Debug|Any CPU.ActiveCfg = Debug|Any CPU
		{A5936C98-0DBA-4204-8210-164696D36CCF}.Debug|Any CPU.Build.0 = Debug|Any CPU
		{A5936C98-0DBA-4204-8210-164696D36CCF}.Release|Any CPU.ActiveCfg = Release|Any CPU
		{A5936C98-0DBA-4204-8210-164696D36CCF}.Release|Any CPU.Build.0 = Release|Any CPU
	EndGlobalSection
	GlobalSection(SolutionProperties) = preSolution
		HideSolutionNode = FALSE
	EndGlobalSection
	GlobalSection(ExtensibilityGlobals) = postSolution
		SolutionGuid = {28C364B5-85F3-44AA-9523-FA1A98B08A47}
	EndGlobalSection
EndGlobal
